// !$*UTF8*$!
{
	archiveVersion = 1;
	classes = {
	};
	objectVersion = 46;
	objects = {

/* Begin PBXBuildFile section */
		67EE5C4C1CCA8C0F00BEE511 /* AppDelegate.swift in Sources */ = {isa = PBXBuildFile; fileRef = 67EE5C4B1CCA8C0F00BEE511 /* AppDelegate.swift */; };
		67EE5C4E1CCA8C0F00BEE511 /* ViewController.swift in Sources */ = {isa = PBXBuildFile; fileRef = 67EE5C4D1CCA8C0F00BEE511 /* ViewController.swift */; };
		67EE5C511CCA8C0F00BEE511 /* Main.storyboard in Resources */ = {isa = PBXBuildFile; fileRef = 67EE5C4F1CCA8C0F00BEE511 /* Main.storyboard */; };
		67EE5C531CCA8C0F00BEE511 /* Assets.xcassets in Resources */ = {isa = PBXBuildFile; fileRef = 67EE5C521CCA8C0F00BEE511 /* Assets.xcassets */; };
		67EE5C561CCA8C0F00BEE511 /* LaunchScreen.storyboard in Resources */ = {isa = PBXBuildFile; fileRef = 67EE5C541CCA8C0F00BEE511 /* LaunchScreen.storyboard */; };
		67EE5C5E1CCA92E900BEE511 /* InteractiveStory.swift in Sources */ = {isa = PBXBuildFile; fileRef = 67EE5C5D1CCA92E900BEE511 /* InteractiveStory.swift */; };
		67EE5C611CCA998600BEE511 /* PageController.swift in Sources */ = {isa = PBXBuildFile; fileRef = 67EE5C601CCA998600BEE511 /* PageController.swift */; };
		67EE5C661CCADF0D00BEE511 /* HappyEnding.wav in Resources */ = {isa = PBXBuildFile; fileRef = 67EE5C631CCADF0D00BEE511 /* HappyEnding.wav */; };
		67EE5C671CCADF0D00BEE511 /* Ominous.wav in Resources */ = {isa = PBXBuildFile; fileRef = 67EE5C641CCADF0D00BEE511 /* Ominous.wav */; };
		67EE5C681CCADF0D00BEE511 /* PageTurn.wav in Resources */ = {isa = PBXBuildFile; fileRef = 67EE5C651CCADF0D00BEE511 /* PageTurn.wav */; };
/* End PBXBuildFile section */

/* Begin PBXFileReference section */
		67EE5C481CCA8C0F00BEE511 /* Interactive.app */ = {isa = PBXFileReference; explicitFileType = wrapper.application; includeInIndex = 0; path = Interactive.app; sourceTree = BUILT_PRODUCTS_DIR; };
		67EE5C4B1CCA8C0F00BEE511 /* AppDelegate.swift */ = {isa = PBXFileReference; lastKnownFileType = sourcecode.swift; path = AppDelegate.swift; sourceTree = "<group>"; };
		67EE5C4D1CCA8C0F00BEE511 /* ViewController.swift */ = {isa = PBXFileReference; lastKnownFileType = sourcecode.swift; path = ViewController.swift; sourceTree = "<group>"; };
		67EE5C501CCA8C0F00BEE511 /* Base */ = {isa = PBXFileReference; lastKnownFileType = file.storyboard; name = Base; path = Base.lproj/Main.storyboard; sourceTree = "<group>"; };
		67EE5C521CCA8C0F00BEE511 /* Assets.xcassets */ = {isa = PBXFileReference; lastKnownFileType = folder.assetcatalog; path = Assets.xcassets; sourceTree = "<group>"; };
		67EE5C551CCA8C0F00BEE511 /* Base */ = {isa = PBXFileReference; lastKnownFileType = file.storyboard; name = Base; path = Base.lproj/LaunchScreen.storyboard; sourceTree = "<group>"; };
		67EE5C571CCA8C0F00BEE511 /* Info.plist */ = {isa = PBXFileReference; lastKnownFileType = text.plist.xml; path = Info.plist; sourceTree = "<group>"; };
		67EE5C5D1CCA92E900BEE511 /* InteractiveStory.swift */ = {isa = PBXFileReference; fileEncoding = 4; lastKnownFileType = sourcecode.swift; path = InteractiveStory.swift; sourceTree = "<group>"; };
		67EE5C601CCA998600BEE511 /* PageController.swift */ = {isa = PBXFileReference; fileEncoding = 4; lastKnownFileType = sourcecode.swift; path = PageController.swift; sourceTree = "<group>"; };
		67EE5C631CCADF0D00BEE511 /* HappyEnding.wav */ = {isa = PBXFileReference; lastKnownFileType = audio.wav; path = HappyEnding.wav; sourceTree = "<group>"; };
		67EE5C641CCADF0D00BEE511 /* Ominous.wav */ = {isa = PBXFileReference; lastKnownFileType = audio.wav; path = Ominous.wav; sourceTree = "<group>"; };
		67EE5C651CCADF0D00BEE511 /* PageTurn.wav */ = {isa = PBXFileReference; lastKnownFileType = audio.wav; path = PageTurn.wav; sourceTree = "<group>"; };
/* End PBXFileReference section */

/* Begin PBXFrameworksBuildPhase section */
		67EE5C451CCA8C0F00BEE511 /* Frameworks */ = {
			isa = PBXFrameworksBuildPhase;
			buildActionMask = 2147483647;
			files = (
			);
			runOnlyForDeploymentPostprocessing = 0;
		};
/* End PBXFrameworksBuildPhase section */

/* Begin PBXGroup section */
		67EE5C3F1CCA8C0F00BEE511 = {
			isa = PBXGroup;
			children = (
				67EE5C4A1CCA8C0F00BEE511 /* InteractiveStory */,
				67EE5C491CCA8C0F00BEE511 /* Products */,
			);
			sourceTree = "<group>";
		};
		67EE5C491CCA8C0F00BEE511 /* Products */ = {
			isa = PBXGroup;
			children = (
				67EE5C481CCA8C0F00BEE511 /* Interactive.app */,
			);
			name = Products;
			sourceTree = "<group>";
		};
		67EE5C4A1CCA8C0F00BEE511 /* InteractiveStory */ = {
			isa = PBXGroup;
			children = (
				67EE5C4F1CCA8C0F00BEE511 /* Main.storyboard */,
				67EE5C4D1CCA8C0F00BEE511 /* ViewController.swift */,
				67EE5C601CCA998600BEE511 /* PageController.swift */,
				67EE5C5D1CCA92E900BEE511 /* InteractiveStory.swift */,
				67EE5C621CCADF0400BEE511 /* sounds */,
				67EE5C5F1CCA949C00BEE511 /* other */,
			);
			path = InteractiveStory;
			sourceTree = "<group>";
		};
		67EE5C5F1CCA949C00BEE511 /* other */ = {
			isa = PBXGroup;
			children = (
				67EE5C4B1CCA8C0F00BEE511 /* AppDelegate.swift */,
				67EE5C521CCA8C0F00BEE511 /* Assets.xcassets */,
				67EE5C541CCA8C0F00BEE511 /* LaunchScreen.storyboard */,
				67EE5C571CCA8C0F00BEE511 /* Info.plist */,
			);
			name = other;
			sourceTree = "<group>";
		};
		67EE5C621CCADF0400BEE511 /* sounds */ = {
			isa = PBXGroup;
			children = (
				67EE5C631CCADF0D00BEE511 /* HappyEnding.wav */,
				67EE5C641CCADF0D00BEE511 /* Ominous.wav */,
				67EE5C651CCADF0D00BEE511 /* PageTurn.wav */,
			);
			name = sounds;
			sourceTree = "<group>";
		};
/* End PBXGroup section */

/* Begin PBXNativeTarget section */
		67EE5C471CCA8C0F00BEE511 /* Interactive */ = {
			isa = PBXNativeTarget;
			buildConfigurationList = 67EE5C5A1CCA8C0F00BEE511 /* Build configuration list for PBXNativeTarget "Interactive" */;
			buildPhases = (
				67EE5C441CCA8C0F00BEE511 /* Sources */,
				67EE5C451CCA8C0F00BEE511 /* Frameworks */,
				67EE5C461CCA8C0F00BEE511 /* Resources */,
			);
			buildRules = (
			);
			dependencies = (
			);
			name = Interactive;
			productName = InteractiveStory;
			productReference = 67EE5C481CCA8C0F00BEE511 /* Interactive.app */;
			productType = "com.apple.product-type.application";
		};
/* End PBXNativeTarget section */

/* Begin PBXProject section */
		67EE5C401CCA8C0F00BEE511 /* Project object */ = {
			isa = PBXProject;
			attributes = {
				LastSwiftUpdateCheck = 0730;
				LastUpgradeCheck = 0730;
				ORGANIZATIONNAME = "Ethan Neff";
				TargetAttributes = {
					67EE5C471CCA8C0F00BEE511 = {
						CreatedOnToolsVersion = 7.3;
						DevelopmentTeam = PW4Q8885U7;
					};
				};
			};
			buildConfigurationList = 67EE5C431CCA8C0F00BEE511 /* Build configuration list for PBXProject "Interactive" */;
			compatibilityVersion = "Xcode 3.2";
			developmentRegion = English;
			hasScannedForEncodings = 0;
			knownRegions = (
				en,
				Base,
			);
			mainGroup = 67EE5C3F1CCA8C0F00BEE511;
			productRefGroup = 67EE5C491CCA8C0F00BEE511 /* Products */;
			projectDirPath = "";
			projectRoot = "";
			targets = (
				67EE5C471CCA8C0F00BEE511 /* Interactive */,
			);
		};
/* End PBXProject section */

/* Begin PBXResourcesBuildPhase section */
		67EE5C461CCA8C0F00BEE511 /* Resources */ = {
			isa = PBXResourcesBuildPhase;
			buildActionMask = 2147483647;
			files = (
				67EE5C671CCADF0D00BEE511 /* Ominous.wav in Resources */,
				67EE5C561CCA8C0F00BEE511 /* LaunchScreen.storyboard in Resources */,
				67EE5C531CCA8C0F00BEE511 /* Assets.xcassets in Resources */,
				67EE5C661CCADF0D00BEE511 /* HappyEnding.wav in Resources */,
				67EE5C681CCADF0D00BEE511 /* PageTurn.wav in Resources */,
				67EE5C511CCA8C0F00BEE511 /* Main.storyboard in Resources */,
			);
			runOnlyForDeploymentPostprocessing = 0;
		};
/* End PBXResourcesBuildPhase section */

/* Begin PBXSourcesBuildPhase section */
		67EE5C441CCA8C0F00BEE511 /* Sources */ = {
			isa = PBXSourcesBuildPhase;
			buildActionMask = 2147483647;
			files = (
				67EE5C611CCA998600BEE511 /* PageController.swift in Sources */,
				67EE5C5E1CCA92E900BEE511 /* InteractiveStory.swift in Sources */,
				67EE5C4E1CCA8C0F00BEE511 /* ViewController.swift in Sources */,
				67EE5C4C1CCA8C0F00BEE511 /* AppDelegate.swift in Sources */,
			);
			runOnlyForDeploymentPostprocessing = 0;
		};
/* End PBXSourcesBuildPhase section */

/* Begin PBXVariantGroup section */
		67EE5C4F1CCA8C0F00BEE511 /* Main.storyboard */ = {
			isa = PBXVariantGroup;
			children = (
				67EE5C501CCA8C0F00BEE511 /* Base */,
			);
			name = Main.storyboard;
			sourceTree = "<group>";
		};
		67EE5C541CCA8C0F00BEE511 /* LaunchScreen.storyboard */ = {
			isa = PBXVariantGroup;
			children = (
				67EE5C551CCA8C0F00BEE511 /* Base */,
			);
			name = LaunchScreen.storyboard;
			sourceTree = "<group>";
		};
/* End PBXVariantGroup section */

/* Begin XCBuildConfiguration section */
		67EE5C581CCA8C0F00BEE511 /* Debug */ = {
			isa = XCBuildConfiguration;
			buildSettings = {
				ALWAYS_SEARCH_USER_PATHS = NO;
				CLANG_ANALYZER_NONNULL = YES;
				CLANG_CXX_LANGUAGE_STANDARD = "gnu++0x";
				CLANG_CXX_LIBRARY = "libc++";
				CLANG_ENABLE_MODULES = YES;
				CLANG_ENABLE_OBJC_ARC = YES;
				CLANG_WARN_BOOL_CONVERSION = YES;
				CLANG_WARN_CONSTANT_CONVERSION = YES;
				CLANG_WARN_DIRECT_OBJC_ISA_USAGE = YES_ERROR;
				CLANG_WARN_EMPTY_BODY = YES;
				CLANG_WARN_ENUM_CONVERSION = YES;
				CLANG_WARN_INT_CONVERSION = YES;
				CLANG_WARN_OBJC_ROOT_CLASS = YES_ERROR;
				CLANG_WARN_UNREACHABLE_CODE = YES;
				CLANG_WARN__DUPLICATE_METHOD_MATCH = YES;
				"CODE_SIGN_IDENTITY[sdk=iphoneos*]" = "iPhone Developer";
				COPY_PHASE_STRIP = NO;
				DEBUG_INFORMATION_FORMAT = dwarf;
				ENABLE_STRICT_OBJC_MSGSEND = YES;
				ENABLE_TESTABILITY = YES;
				GCC_C_LANGUAGE_STANDARD = gnu99;
				GCC_DYNAMIC_NO_PIC = NO;
				GCC_NO_COMMON_BLOCKS = YES;
				GCC_OPTIMIZATION_LEVEL = 0;
				GCC_PREPROCESSOR_DEFINITIONS = (
					"DEBUG=1",
					"$(inherited)",
				);
				GCC_WARN_64_TO_32_BIT_CONVERSION = YES;
				GCC_WARN_ABOUT_RETURN_TYPE = YES_ERROR;
				GCC_WARN_UNDECLARED_SELECTOR = YES;
				GCC_WARN_UNINITIALIZED_AUTOS = YES_AGGRESSIVE;
				GCC_WARN_UNUSED_FUNCTION = YES;
				GCC_WARN_UNUSED_VARIABLE = YES;
				IPHONEOS_DEPLOYMENT_TARGET = 9.3;
				MTL_ENABLE_DEBUG_INFO = YES;
				ONLY_ACTIVE_ARCH = YES;
				SDKROOT = iphoneos;
				SWIFT_OPTIMIZATION_LEVEL = "-Onone";
				TARGETED_DEVICE_FAMILY = "1,2";
			};
			name = Debug;
		};
		67EE5C591CCA8C0F00BEE511 /* Release */ = {
			isa = XCBuildConfiguration;
			buildSettings = {
				ALWAYS_SEARCH_USER_PATHS = NO;
				CLANG_ANALYZER_NONNULL = YES;
				CLANG_CXX_LANGUAGE_STANDARD = "gnu++0x";
				CLANG_CXX_LIBRARY = "libc++";
				CLANG_ENABLE_MODULES = YES;
				CLANG_ENABLE_OBJC_ARC = YES;
				CLANG_WARN_BOOL_CONVERSION = YES;
				CLANG_WARN_CONSTANT_CONVERSION = YES;
				CLANG_WARN_DIRECT_OBJC_ISA_USAGE = YES_ERROR;
				CLANG_WARN_EMPTY_BODY = YES;
				CLANG_WARN_ENUM_CONVERSION = YES;
				CLANG_WARN_INT_CONVERSION = YES;
				CLANG_WARN_OBJC_ROOT_CLASS = YES_ERROR;
				CLANG_WARN_UNREACHABLE_CODE = YES;
				CLANG_WARN__DUPLICATE_METHOD_MATCH = YES;
				"CODE_SIGN_IDENTITY[sdk=iphoneos*]" = "iPhone Developer";
				COPY_PHASE_STRIP = NO;
				DEBUG_INFORMATION_FORMAT = "dwarf-with-dsym";
				ENABLE_NS_ASSERTIONS = NO;
				ENABLE_STRICT_OBJC_MSGSEND = YES;
				GCC_C_LANGUAGE_STANDARD = gnu99;
				GCC_NO_COMMON_BLOCKS = YES;
				GCC_WARN_64_TO_32_BIT_CONVERSION = YES;
				GCC_WARN_ABOUT_RETURN_TYPE = YES_ERROR;
				GCC_WARN_UNDECLARED_SELECTOR = YES;
				GCC_WARN_UNINITIALIZED_AUTOS = YES_AGGRESSIVE;
				GCC_WARN_UNUSED_FUNCTION = YES;
				GCC_WARN_UNUSED_VARIABLE = YES;
				IPHONEOS_DEPLOYMENT_TARGET = 9.3;
				MTL_ENABLE_DEBUG_INFO = NO;
				SDKROOT = iphoneos;
				TARGETED_DEVICE_FAMILY = "1,2";
				VALIDATE_PRODUCT = YES;
			};
			name = Release;
		};
		67EE5C5B1CCA8C0F00BEE511 /* Debug */ = {
			isa = XCBuildConfiguration;
			buildSettings = {
				ASSETCATALOG_COMPILER_APPICON_NAME = AppIcon;
				ASSETCATALOG_COMPILER_LAUNCHIMAGE_NAME = "Brand Assets";
				CODE_SIGN_IDENTITY = "iPhone Developer";
				INFOPLIST_FILE = InteractiveStory/Info.plist;
				IPHONEOS_DEPLOYMENT_TARGET = 9.0;
				LD_RUNPATH_SEARCH_PATHS = "$(inherited) @executable_path/Frameworks";
				PRODUCT_BUNDLE_IDENTIFIER = com.eneff.app.interactivestory;
				PRODUCT_NAME = Interactive;
			};
			name = Debug;
		};
		67EE5C5C1CCA8C0F00BEE511 /* Release */ = {
			isa = XCBuildConfiguration;
			buildSettings = {
				ASSETCATALOG_COMPILER_APPICON_NAME = AppIcon;
				ASSETCATALOG_COMPILER_LAUNCHIMAGE_NAME = "Brand Assets";
				CODE_SIGN_IDENTITY = "iPhone Developer";
				INFOPLIST_FILE = InteractiveStory/Info.plist;
				IPHONEOS_DEPLOYMENT_TARGET = 9.0;
				LD_RUNPATH_SEARCH_PATHS = "$(inherited) @executable_path/Frameworks";
				PRODUCT_BUNDLE_IDENTIFIER = com.eneff.app.interactivestory;
				PRODUCT_NAME = Interactive;
			};
			name = Release;
		};
/* End XCBuildConfiguration section */

/* Begin XCConfigurationList section */
		67EE5C431CCA8C0F00BEE511 /* Build configuration list for PBXProject "Interactive" */ = {
			isa = XCConfigurationList;
			buildConfigurations = (
				67EE5C581CCA8C0F00BEE511 /* Debug */,
				67EE5C591CCA8C0F00BEE511 /* Release */,
			);
			defaultConfigurationIsVisible = 0;
			defaultConfigurationName = Release;
		};
		67EE5C5A1CCA8C0F00BEE511 /* Build configuration list for PBXNativeTarget "Interactive" */ = {
			isa = XCConfigurationList;
			buildConfigurations = (
				67EE5C5B1CCA8C0F00BEE511 /* Debug */,
				67EE5C5C1CCA8C0F00BEE511 /* Release */,
			);
			defaultConfigurationIsVisible = 0;
			defaultConfigurationName = Release;
		};
/* End XCConfigurationList section */
	};
	rootObject = 67EE5C401CCA8C0F00BEE511 /* Project object */;
}
